
Microsoft Visual Studio Solution File, Format Version 12.00
Project("{2150E333-8FDC-42A3-9474-1A3956D46DE8}") = "__", "__", "{6F23D6EC-7A38-47DB-A193-4F1D23E149FA}"
	ProjectSection(SolutionItems) = preProject
		.gitignore = .gitignore
		README.md = README.md
	EndProjectSection
EndProject
Project("{2150E333-8FDC-42A3-9474-1A3956D46DE8}") = "src", "src", "{49485D99-74DD-4E61-A1FD-B415B25E6E91}"
EndProject
Project("{2150E333-8FDC-42A3-9474-1A3956D46DE8}") = "Infrastructure", "Infrastructure", "{994B8452-149F-4EFB-A532-AA7A250A6EDD}"
EndProject
Project("{FAE04EC0-301F-11D3-BF4B-00C04F79EFBC}") = "Infrastructure", "Infrastructure\Infrastructure\Infrastructure.csproj", "{03819D71-11C1-4512-9940-FA5B7CCF2D53}"
EndProject
Project("{2150E333-8FDC-42A3-9474-1A3956D46DE8}") = "Cube", "Cube", "{9FD720FB-B00E-4807-8C99-482279792571}"
EndProject
Project("{2150E333-8FDC-42A3-9474-1A3956D46DE8}") = "IdentityServer", "IdentityServer", "{48456DC9-264D-4080-A67A-C4509DF43D35}"
EndProject
Project("{FAE04EC0-301F-11D3-BF4B-00C04F79EFBC}") = "Service.IdentityServer.Repository", "Cube\IdentityServer\Service.IdentityServer.Repository\Service.IdentityServer.Repository.csproj", "{E2FFDF91-5788-45BE-B590-89E73DCD4DD1}"
EndProject
Project("{FAE04EC0-301F-11D3-BF4B-00C04F79EFBC}") = "Service.IdentityServer.Domain", "Cube\IdentityServer\Service.IdentityServer.Domain\Service.IdentityServer.Domain.csproj", "{BB5624D2-FF8A-4A13-818D-CACF306AC555}"
EndProject
Project("{FAE04EC0-301F-11D3-BF4B-00C04F79EFBC}") = "Service.IdentityServer.Application", "Cube\IdentityServer\Service.IdentityServer.Application\Service.IdentityServer.Application.csproj", "{F169BE78-3094-4C0B-BE11-54EF627A6F11}"
EndProject
Project("{FAE04EC0-301F-11D3-BF4B-00C04F79EFBC}") = "Service.IdentityServer.Api", "Cube\IdentityServer\Service.IdentityServer.Api\Service.IdentityServer.Api.csproj", "{3137BCBB-EFBC-4D47-9294-2297EAE88F52}"
EndProject
Project("{2150E333-8FDC-42A3-9474-1A3956D46DE8}") = "GameServer", "GameServer", "{DF6DF7D0-C79B-4881-9CFA-75651EC2661D}"
EndProject
Project("{FAE04EC0-301F-11D3-BF4B-00C04F79EFBC}") = "Service.GameServer.Api", "Cube\GameServer\Service.GameServer.Api\Service.GameServer.Api.csproj", "{75494FE1-763A-41E3-A250-76F4C182F772}"
EndProject
Project("{FAE04EC0-301F-11D3-BF4B-00C04F79EFBC}") = "Service.GameServer.Application", "Cube\GameServer\Service.GameServer.Application\Service.GameServer.Application.csproj", "{962C6FC6-2855-4E08-8A04-DB207B13C3CF}"
EndProject
Project("{FAE04EC0-301F-11D3-BF4B-00C04F79EFBC}") = "Service.GameServer.Domain", "Cube\GameServer\Service.GameServer.Domain\Service.GameServer.Domain.csproj", "{553E79C4-1811-47B7-BCC9-5000AC276551}"
EndProject
Project("{FAE04EC0-301F-11D3-BF4B-00C04F79EFBC}") = "Service.GameServer.Repository", "Cube\GameServer\Service.GameServer.Repository\Service.GameServer.Repository.csproj", "{068DF7B9-8D67-491F-8820-508E3301A741}"
EndProject
Project("{2150E333-8FDC-42A3-9474-1A3956D46DE8}") = "GameRepository", "GameRepository", "{34E68D28-326C-4949-9B4D-EED48C8B2521}"
EndProject
Project("{FAE04EC0-301F-11D3-BF4B-00C04F79EFBC}") = "Service.GameRepository.Api", "Cube\GameRespository\Service.GameRepository.Api\Service.GameRepository.Api.csproj", "{DD2952CC-5109-4C37-A840-1C6E046F3664}"
EndProject
Project("{FAE04EC0-301F-11D3-BF4B-00C04F79EFBC}") = "Service.GameRepository.Application", "Cube\GameRespository\Service.GameRepository.Application\Service.GameRepository.Application.csproj", "{1051B731-CA94-44A0-A35C-A55726B6A39B}"
EndProject
Project("{FAE04EC0-301F-11D3-BF4B-00C04F79EFBC}") = "Service.GameRepository.Domain", "Cube\GameRespository\Service.GameRepository.Domain\Service.GameRepository.Domain.csproj", "{256B8056-9E0D-408C-A31D-E5C71963C42A}"
EndProject
Project("{FAE04EC0-301F-11D3-BF4B-00C04F79EFBC}") = "Service.GameRepository.Repository", "Cube\GameRespository\Service.GameRepository.Repository\Service.GameRepository.Repository.csproj", "{FEDAA821-A8D4-47B7-B67F-8F751DD9B417}"
EndProject
Global
	GlobalSection(SolutionConfigurationPlatforms) = preSolution
		Debug|Any CPU = Debug|Any CPU
		Release|Any CPU = Release|Any CPU
		GENERATECLIENTAPI|Any CPU = GENERATECLIENTAPI|Any CPU
	EndGlobalSection
	GlobalSection(NestedProjects) = preSolution
		{994B8452-149F-4EFB-A532-AA7A250A6EDD} = {49485D99-74DD-4E61-A1FD-B415B25E6E91}
		{03819D71-11C1-4512-9940-FA5B7CCF2D53} = {994B8452-149F-4EFB-A532-AA7A250A6EDD}
		{9FD720FB-B00E-4807-8C99-482279792571} = {49485D99-74DD-4E61-A1FD-B415B25E6E91}
		{48456DC9-264D-4080-A67A-C4509DF43D35} = {9FD720FB-B00E-4807-8C99-482279792571}
		{E2FFDF91-5788-45BE-B590-89E73DCD4DD1} = {48456DC9-264D-4080-A67A-C4509DF43D35}
		{BB5624D2-FF8A-4A13-818D-CACF306AC555} = {48456DC9-264D-4080-A67A-C4509DF43D35}
		{F169BE78-3094-4C0B-BE11-54EF627A6F11} = {48456DC9-264D-4080-A67A-C4509DF43D35}
		{3137BCBB-EFBC-4D47-9294-2297EAE88F52} = {48456DC9-264D-4080-A67A-C4509DF43D35}
		{DF6DF7D0-C79B-4881-9CFA-75651EC2661D} = {9FD720FB-B00E-4807-8C99-482279792571}
		{75494FE1-763A-41E3-A250-76F4C182F772} = {DF6DF7D0-C79B-4881-9CFA-75651EC2661D}
		{962C6FC6-2855-4E08-8A04-DB207B13C3CF} = {DF6DF7D0-C79B-4881-9CFA-75651EC2661D}
		{553E79C4-1811-47B7-BCC9-5000AC276551} = {DF6DF7D0-C79B-4881-9CFA-75651EC2661D}
		{068DF7B9-8D67-491F-8820-508E3301A741} = {DF6DF7D0-C79B-4881-9CFA-75651EC2661D}
		{34E68D28-326C-4949-9B4D-EED48C8B2521} = {9FD720FB-B00E-4807-8C99-482279792571}
		{DD2952CC-5109-4C37-A840-1C6E046F3664} = {34E68D28-326C-4949-9B4D-EED48C8B2521}
		{1051B731-CA94-44A0-A35C-A55726B6A39B} = {34E68D28-326C-4949-9B4D-EED48C8B2521}
		{256B8056-9E0D-408C-A31D-E5C71963C42A} = {34E68D28-326C-4949-9B4D-EED48C8B2521}
		{FEDAA821-A8D4-47B7-B67F-8F751DD9B417} = {34E68D28-326C-4949-9B4D-EED48C8B2521}
	EndGlobalSection
	GlobalSection(ProjectConfigurationPlatforms) = postSolution
		{03819D71-11C1-4512-9940-FA5B7CCF2D53}.Debug|Any CPU.ActiveCfg = Debug|Any CPU
		{03819D71-11C1-4512-9940-FA5B7CCF2D53}.Debug|Any CPU.Build.0 = Debug|Any CPU
		{03819D71-11C1-4512-9940-FA5B7CCF2D53}.Release|Any CPU.ActiveCfg = Release|Any CPU
		{03819D71-11C1-4512-9940-FA5B7CCF2D53}.Release|Any CPU.Build.0 = Release|Any CPU
		{03819D71-11C1-4512-9940-FA5B7CCF2D53}.GENERATECLIENTAPI|Any CPU.ActiveCfg = GENERATECLIENTAPI|Any CPU
		{03819D71-11C1-4512-9940-FA5B7CCF2D53}.GENERATECLIENTAPI|Any CPU.Build.0 = GENERATECLIENTAPI|Any CPU
		{E2FFDF91-5788-45BE-B590-89E73DCD4DD1}.Debug|Any CPU.ActiveCfg = Debug|Any CPU
		{E2FFDF91-5788-45BE-B590-89E73DCD4DD1}.Debug|Any CPU.Build.0 = Debug|Any CPU
		{E2FFDF91-5788-45BE-B590-89E73DCD4DD1}.Release|Any CPU.ActiveCfg = Release|Any CPU
		{E2FFDF91-5788-45BE-B590-89E73DCD4DD1}.Release|Any CPU.Build.0 = Release|Any CPU
		{E2FFDF91-5788-45BE-B590-89E73DCD4DD1}.GENERATECLIENTAPI|Any CPU.ActiveCfg = GENERATECLIENTAPI|Any CPU
		{E2FFDF91-5788-45BE-B590-89E73DCD4DD1}.GENERATECLIENTAPI|Any CPU.Build.0 = GENERATECLIENTAPI|Any CPU
		{BB5624D2-FF8A-4A13-818D-CACF306AC555}.Debug|Any CPU.ActiveCfg = Debug|Any CPU
		{BB5624D2-FF8A-4A13-818D-CACF306AC555}.Debug|Any CPU.Build.0 = Debug|Any CPU
		{BB5624D2-FF8A-4A13-818D-CACF306AC555}.Release|Any CPU.ActiveCfg = Release|Any CPU
		{BB5624D2-FF8A-4A13-818D-CACF306AC555}.Release|Any CPU.Build.0 = Release|Any CPU
		{BB5624D2-FF8A-4A13-818D-CACF306AC555}.GENERATECLIENTAPI|Any CPU.ActiveCfg = GENERATECLIENTAPI|Any CPU
		{BB5624D2-FF8A-4A13-818D-CACF306AC555}.GENERATECLIENTAPI|Any CPU.Build.0 = GENERATECLIENTAPI|Any CPU
		{F169BE78-3094-4C0B-BE11-54EF627A6F11}.Debug|Any CPU.ActiveCfg = Debug|Any CPU
		{F169BE78-3094-4C0B-BE11-54EF627A6F11}.Debug|Any CPU.Build.0 = Debug|Any CPU
		{F169BE78-3094-4C0B-BE11-54EF627A6F11}.Release|Any CPU.ActiveCfg = Release|Any CPU
		{F169BE78-3094-4C0B-BE11-54EF627A6F11}.Release|Any CPU.Build.0 = Release|Any CPU
		{F169BE78-3094-4C0B-BE11-54EF627A6F11}.GENERATECLIENTAPI|Any CPU.ActiveCfg = GENERATECLIENTAPI|Any CPU
		{F169BE78-3094-4C0B-BE11-54EF627A6F11}.GENERATECLIENTAPI|Any CPU.Build.0 = GENERATECLIENTAPI|Any CPU
		{3137BCBB-EFBC-4D47-9294-2297EAE88F52}.Debug|Any CPU.ActiveCfg = Debug|Any CPU
		{3137BCBB-EFBC-4D47-9294-2297EAE88F52}.Debug|Any CPU.Build.0 = Debug|Any CPU
		{3137BCBB-EFBC-4D47-9294-2297EAE88F52}.Release|Any CPU.ActiveCfg = Release|Any CPU
		{3137BCBB-EFBC-4D47-9294-2297EAE88F52}.Release|Any CPU.Build.0 = Release|Any CPU
		{3137BCBB-EFBC-4D47-9294-2297EAE88F52}.GENERATECLIENTAPI|Any CPU.ActiveCfg = GENERATECLIENTAPI|Any CPU
		{3137BCBB-EFBC-4D47-9294-2297EAE88F52}.GENERATECLIENTAPI|Any CPU.Build.0 = GENERATECLIENTAPI|Any CPU
		{75494FE1-763A-41E3-A250-76F4C182F772}.Debug|Any CPU.ActiveCfg = Debug|Any CPU
		{75494FE1-763A-41E3-A250-76F4C182F772}.Debug|Any CPU.Build.0 = Debug|Any CPU
		{75494FE1-763A-41E3-A250-76F4C182F772}.Release|Any CPU.ActiveCfg = Release|Any CPU
		{75494FE1-763A-41E3-A250-76F4C182F772}.Release|Any CPU.Build.0 = Release|Any CPU
		{75494FE1-763A-41E3-A250-76F4C182F772}.GENERATECLIENTAPI|Any CPU.ActiveCfg = GENERATECLIENTAPI|Any CPU
		{75494FE1-763A-41E3-A250-76F4C182F772}.GENERATECLIENTAPI|Any CPU.Build.0 = GENERATECLIENTAPI|Any CPU
		{962C6FC6-2855-4E08-8A04-DB207B13C3CF}.Debug|Any CPU.ActiveCfg = Debug|Any CPU
		{962C6FC6-2855-4E08-8A04-DB207B13C3CF}.Debug|Any CPU.Build.0 = Debug|Any CPU
		{962C6FC6-2855-4E08-8A04-DB207B13C3CF}.Release|Any CPU.ActiveCfg = Release|Any CPU
		{962C6FC6-2855-4E08-8A04-DB207B13C3CF}.Release|Any CPU.Build.0 = Release|Any CPU
		{962C6FC6-2855-4E08-8A04-DB207B13C3CF}.GENERATECLIENTAPI|Any CPU.ActiveCfg = GENERATECLIENTAPI|Any CPU
		{962C6FC6-2855-4E08-8A04-DB207B13C3CF}.GENERATECLIENTAPI|Any CPU.Build.0 = GENERATECLIENTAPI|Any CPU
		{553E79C4-1811-47B7-BCC9-5000AC276551}.Debug|Any CPU.ActiveCfg = Debug|Any CPU
		{553E79C4-1811-47B7-BCC9-5000AC276551}.Debug|Any CPU.Build.0 = Debug|Any CPU
		{553E79C4-1811-47B7-BCC9-5000AC276551}.Release|Any CPU.ActiveCfg = Release|Any CPU
		{553E79C4-1811-47B7-BCC9-5000AC276551}.Release|Any CPU.Build.0 = Release|Any CPU
		{553E79C4-1811-47B7-BCC9-5000AC276551}.GENERATECLIENTAPI|Any CPU.ActiveCfg = GENERATECLIENTAPI|Any CPU
		{553E79C4-1811-47B7-BCC9-5000AC276551}.GENERATECLIENTAPI|Any CPU.Build.0 = GENERATECLIENTAPI|Any CPU
		{068DF7B9-8D67-491F-8820-508E3301A741}.Debug|Any CPU.ActiveCfg = Debug|Any CPU
		{068DF7B9-8D67-491F-8820-508E3301A741}.Debug|Any CPU.Build.0 = Debug|Any CPU
		{068DF7B9-8D67-491F-8820-508E3301A741}.Release|Any CPU.ActiveCfg = Release|Any CPU
		{068DF7B9-8D67-491F-8820-508E3301A741}.Release|Any CPU.Build.0 = Release|Any CPU
		{068DF7B9-8D67-491F-8820-508E3301A741}.GENERATECLIENTAPI|Any CPU.ActiveCfg = GENERATECLIENTAPI|Any CPU
		{068DF7B9-8D67-491F-8820-508E3301A741}.GENERATECLIENTAPI|Any CPU.Build.0 = GENERATECLIENTAPI|Any CPU
		{DD2952CC-5109-4C37-A840-1C6E046F3664}.Debug|Any CPU.ActiveCfg = Debug|Any CPU
		{DD2952CC-5109-4C37-A840-1C6E046F3664}.Debug|Any CPU.Build.0 = Debug|Any CPU
		{DD2952CC-5109-4C37-A840-1C6E046F3664}.Release|Any CPU.ActiveCfg = Release|Any CPU
		{DD2952CC-5109-4C37-A840-1C6E046F3664}.Release|Any CPU.Build.0 = Release|Any CPU
		{DD2952CC-5109-4C37-A840-1C6E046F3664}.GENERATECLIENTAPI|Any CPU.ActiveCfg = GENERATECLIENTAPI|Any CPU
		{DD2952CC-5109-4C37-A840-1C6E046F3664}.GENERATECLIENTAPI|Any CPU.Build.0 = GENERATECLIENTAPI|Any CPU
		{1051B731-CA94-44A0-A35C-A55726B6A39B}.Debug|Any CPU.ActiveCfg = Debug|Any CPU
		{1051B731-CA94-44A0-A35C-A55726B6A39B}.Debug|Any CPU.Build.0 = Debug|Any CPU
		{1051B731-CA94-44A0-A35C-A55726B6A39B}.Release|Any CPU.ActiveCfg = Release|Any CPU
		{1051B731-CA94-44A0-A35C-A55726B6A39B}.Release|Any CPU.Build.0 = Release|Any CPU
		{1051B731-CA94-44A0-A35C-A55726B6A39B}.GENERATECLIENTAPI|Any CPU.ActiveCfg = GENERATECLIENTAPI|Any CPU
		{1051B731-CA94-44A0-A35C-A55726B6A39B}.GENERATECLIENTAPI|Any CPU.Build.0 = GENERATECLIENTAPI|Any CPU
		{256B8056-9E0D-408C-A31D-E5C71963C42A}.Debug|Any CPU.ActiveCfg = Debug|Any CPU
		{256B8056-9E0D-408C-A31D-E5C71963C42A}.Debug|Any CPU.Build.0 = Debug|Any CPU
		{256B8056-9E0D-408C-A31D-E5C71963C42A}.Release|Any CPU.ActiveCfg = Release|Any CPU
		{256B8056-9E0D-408C-A31D-E5C71963C42A}.Release|Any CPU.Build.0 = Release|Any CPU
		{256B8056-9E0D-408C-A31D-E5C71963C42A}.GENERATECLIENTAPI|Any CPU.ActiveCfg = GENERATECLIENTAPI|Any CPU
		{256B8056-9E0D-408C-A31D-E5C71963C42A}.GENERATECLIENTAPI|Any CPU.Build.0 = GENERATECLIENTAPI|Any CPU
		{FEDAA821-A8D4-47B7-B67F-8F751DD9B417}.Debug|Any CPU.ActiveCfg = Debug|Any CPU
		{FEDAA821-A8D4-47B7-B67F-8F751DD9B417}.Debug|Any CPU.Build.0 = Debug|Any CPU
		{FEDAA821-A8D4-47B7-B67F-8F751DD9B417}.Release|Any CPU.ActiveCfg = Release|Any CPU
		{FEDAA821-A8D4-47B7-B67F-8F751DD9B417}.Release|Any CPU.Build.0 = Release|Any CPU
		{FEDAA821-A8D4-47B7-B67F-8F751DD9B417}.GENERATECLIENTAPI|Any CPU.ActiveCfg = GENERATECLIENTAPI|Any CPU
		{FEDAA821-A8D4-47B7-B67F-8F751DD9B417}.GENERATECLIENTAPI|Any CPU.Build.0 = GENERATECLIENTAPI|Any CPU
	EndGlobalSection
EndGlobal
