
Microsoft Visual Studio Solution File, Format Version 12.00
# Visual Studio 15
VisualStudioVersion = 15.0.27703.1
MinimumVisualStudioVersion = 10.0.40219.1
Project("{2150E333-8FDC-42A3-9474-1A3956D46DE8}") = "Business", "Business", "{3A783B0A-3B80-453A-ABE1-0E49E790462C}"
EndProject
Project("{2150E333-8FDC-42A3-9474-1A3956D46DE8}") = "DataAccess", "DataAccess", "{C79C3DDB-5603-410C-9E38-8F8B3E0AC371}"
EndProject
Project("{2150E333-8FDC-42A3-9474-1A3956D46DE8}") = "Application", "Application", "{A18A22DE-4930-48C8-84F5-D3BF3C855691}"
EndProject
Project("{2150E333-8FDC-42A3-9474-1A3956D46DE8}") = "Test", "Test", "{5393D0A0-84B9-493A-8E9A-7A48D793CD41}"
EndProject
Project("{FAE04EC0-301F-11D3-BF4B-00C04F79EFBC}") = "Application.Command", "Application.Command\Application.Command.csproj", "{9FC19C4A-92DC-4E66-90B1-456402FD7EA1}"
EndProject
Project("{FAE04EC0-301F-11D3-BF4B-00C04F79EFBC}") = "Business.Domain", "Business.Domain\Business.Domain.csproj", "{D1A25357-0B0D-493F-A26C-03616BA86B17}"
EndProject
Project("{FAE04EC0-301F-11D3-BF4B-00C04F79EFBC}") = "Business.Hub", "Business.Hub\Business.Hub.csproj", "{BB6912E0-B267-4ADB-BE09-E78822058687}"
EndProject
Project("{FAE04EC0-301F-11D3-BF4B-00C04F79EFBC}") = "Business.Model", "Business.Model\Business.Model.csproj", "{8A9291E5-2FD2-4DD4-A9B8-BA9DA4D376EA}"
EndProject
Project("{2150E333-8FDC-42A3-9474-1A3956D46DE8}") = "REST", "REST", "{93A24320-920E-4792-A81A-067F14D8E61A}"
EndProject
Project("{FAE04EC0-301F-11D3-BF4B-00C04F79EFBC}") = "REST.Main", "REST.Main\REST.Main.csproj", "{0CD3DE4B-3547-4452-B576-5775274ECB9E}"
EndProject
Project("{FAE04EC0-301F-11D3-BF4B-00C04F79EFBC}") = "DataAccess.SQL", "DataAccess.SQL\DataAccess.SQL.csproj", "{56D96A40-0DFB-4B17-800E-2463DFFD7162}"
EndProject
Project("{2150E333-8FDC-42A3-9474-1A3956D46DE8}") = "Application", "Application", "{1C807A3A-85CA-4551-8616-830D4C8C03D2}"
EndProject
Project("{2150E333-8FDC-42A3-9474-1A3956D46DE8}") = "Business", "Business", "{8FC28C05-9401-4843-96E6-2E099A425313}"
EndProject
Project("{2150E333-8FDC-42A3-9474-1A3956D46DE8}") = "DataAccess", "DataAccess", "{8FA11AE0-E2CA-41E8-A352-B508C3C5BE48}"
EndProject
Project("{2150E333-8FDC-42A3-9474-1A3956D46DE8}") = "REST", "REST", "{290CD529-7638-4385-973B-FA97ACC3585D}"
EndProject
Project("{FAE04EC0-301F-11D3-BF4B-00C04F79EFBC}") = "Application.App", "Application.App\Application.App.csproj", "{32808CC0-BFBC-442C-ABCF-B8E82EDF8B64}"
EndProject
Project("{FAE04EC0-301F-11D3-BF4B-00C04F79EFBC}") = "Test.Application.App", "Test.Application.App\Test.Application.App.csproj", "{B1B3313C-387F-468E-A4A0-D275BE89E09A}"
EndProject
Project("{FAE04EC0-301F-11D3-BF4B-00C04F79EFBC}") = "Test.Application.Command", "Test.Application.Command\Test.Application.Command.csproj", "{89ACD13E-5DD1-4695-8536-C7DFC998F37A}"
EndProject
Project("{FAE04EC0-301F-11D3-BF4B-00C04F79EFBC}") = "Test.Business.Domain", "Test.Business.Domain\Test.Business.Domain.csproj", "{24235DBC-FA9A-490B-953F-7CB40D16FBA3}"
EndProject
Project("{FAE04EC0-301F-11D3-BF4B-00C04F79EFBC}") = "Test.Business.Hub", "Test.Business.Hub\Test.Business.Hub.csproj", "{01141F7D-8DB7-42D6-8657-342938BDBEE6}"
EndProject
Project("{FAE04EC0-301F-11D3-BF4B-00C04F79EFBC}") = "Test.DataAccess.SQL", "Test.DataAccess.SQL\Test.DataAccess.SQL.csproj", "{E3905C4F-0C09-45C2-A500-2B8D1904B863}"
EndProject
Project("{FAE04EC0-301F-11D3-BF4B-00C04F79EFBC}") = "Test.REST.Main", "Test.REST.Main\Test.REST.Main.csproj", "{48655B7E-74A5-4AC2-9087-FBCBD2EE7666}"
EndProject
Global
	GlobalSection(SolutionConfigurationPlatforms) = preSolution
		Debug|Any CPU = Debug|Any CPU
		Release|Any CPU = Release|Any CPU
	EndGlobalSection
	GlobalSection(ProjectConfigurationPlatforms) = postSolution
		{9FC19C4A-92DC-4E66-90B1-456402FD7EA1}.Debug|Any CPU.ActiveCfg = Debug|Any CPU
		{9FC19C4A-92DC-4E66-90B1-456402FD7EA1}.Debug|Any CPU.Build.0 = Debug|Any CPU
		{9FC19C4A-92DC-4E66-90B1-456402FD7EA1}.Release|Any CPU.ActiveCfg = Release|Any CPU
		{9FC19C4A-92DC-4E66-90B1-456402FD7EA1}.Release|Any CPU.Build.0 = Release|Any CPU
		{D1A25357-0B0D-493F-A26C-03616BA86B17}.Debug|Any CPU.ActiveCfg = Debug|Any CPU
		{D1A25357-0B0D-493F-A26C-03616BA86B17}.Debug|Any CPU.Build.0 = Debug|Any CPU
		{D1A25357-0B0D-493F-A26C-03616BA86B17}.Release|Any CPU.ActiveCfg = Release|Any CPU
		{D1A25357-0B0D-493F-A26C-03616BA86B17}.Release|Any CPU.Build.0 = Release|Any CPU
		{BB6912E0-B267-4ADB-BE09-E78822058687}.Debug|Any CPU.ActiveCfg = Debug|Any CPU
		{BB6912E0-B267-4ADB-BE09-E78822058687}.Debug|Any CPU.Build.0 = Debug|Any CPU
		{BB6912E0-B267-4ADB-BE09-E78822058687}.Release|Any CPU.ActiveCfg = Release|Any CPU
		{BB6912E0-B267-4ADB-BE09-E78822058687}.Release|Any CPU.Build.0 = Release|Any CPU
		{8A9291E5-2FD2-4DD4-A9B8-BA9DA4D376EA}.Debug|Any CPU.ActiveCfg = Debug|Any CPU
		{8A9291E5-2FD2-4DD4-A9B8-BA9DA4D376EA}.Debug|Any CPU.Build.0 = Debug|Any CPU
		{8A9291E5-2FD2-4DD4-A9B8-BA9DA4D376EA}.Release|Any CPU.ActiveCfg = Release|Any CPU
		{8A9291E5-2FD2-4DD4-A9B8-BA9DA4D376EA}.Release|Any CPU.Build.0 = Release|Any CPU
		{0CD3DE4B-3547-4452-B576-5775274ECB9E}.Debug|Any CPU.ActiveCfg = Debug|Any CPU
		{0CD3DE4B-3547-4452-B576-5775274ECB9E}.Debug|Any CPU.Build.0 = Debug|Any CPU
		{0CD3DE4B-3547-4452-B576-5775274ECB9E}.Release|Any CPU.ActiveCfg = Release|Any CPU
		{0CD3DE4B-3547-4452-B576-5775274ECB9E}.Release|Any CPU.Build.0 = Release|Any CPU
		{56D96A40-0DFB-4B17-800E-2463DFFD7162}.Debug|Any CPU.ActiveCfg = Debug|Any CPU
		{56D96A40-0DFB-4B17-800E-2463DFFD7162}.Debug|Any CPU.Build.0 = Debug|Any CPU
		{56D96A40-0DFB-4B17-800E-2463DFFD7162}.Release|Any CPU.ActiveCfg = Release|Any CPU
		{56D96A40-0DFB-4B17-800E-2463DFFD7162}.Release|Any CPU.Build.0 = Release|Any CPU
		{32808CC0-BFBC-442C-ABCF-B8E82EDF8B64}.Debug|Any CPU.ActiveCfg = Debug|Any CPU
		{32808CC0-BFBC-442C-ABCF-B8E82EDF8B64}.Debug|Any CPU.Build.0 = Debug|Any CPU
		{32808CC0-BFBC-442C-ABCF-B8E82EDF8B64}.Release|Any CPU.ActiveCfg = Release|Any CPU
		{32808CC0-BFBC-442C-ABCF-B8E82EDF8B64}.Release|Any CPU.Build.0 = Release|Any CPU
		{B1B3313C-387F-468E-A4A0-D275BE89E09A}.Debug|Any CPU.ActiveCfg = Debug|Any CPU
		{B1B3313C-387F-468E-A4A0-D275BE89E09A}.Debug|Any CPU.Build.0 = Debug|Any CPU
		{B1B3313C-387F-468E-A4A0-D275BE89E09A}.Release|Any CPU.ActiveCfg = Release|Any CPU
		{B1B3313C-387F-468E-A4A0-D275BE89E09A}.Release|Any CPU.Build.0 = Release|Any CPU
		{89ACD13E-5DD1-4695-8536-C7DFC998F37A}.Debug|Any CPU.ActiveCfg = Debug|Any CPU
		{89ACD13E-5DD1-4695-8536-C7DFC998F37A}.Debug|Any CPU.Build.0 = Debug|Any CPU
		{89ACD13E-5DD1-4695-8536-C7DFC998F37A}.Release|Any CPU.ActiveCfg = Release|Any CPU
		{89ACD13E-5DD1-4695-8536-C7DFC998F37A}.Release|Any CPU.Build.0 = Release|Any CPU
		{24235DBC-FA9A-490B-953F-7CB40D16FBA3}.Debug|Any CPU.ActiveCfg = Debug|Any CPU
		{24235DBC-FA9A-490B-953F-7CB40D16FBA3}.Debug|Any CPU.Build.0 = Debug|Any CPU
		{24235DBC-FA9A-490B-953F-7CB40D16FBA3}.Release|Any CPU.ActiveCfg = Release|Any CPU
		{24235DBC-FA9A-490B-953F-7CB40D16FBA3}.Release|Any CPU.Build.0 = Release|Any CPU
		{01141F7D-8DB7-42D6-8657-342938BDBEE6}.Debug|Any CPU.ActiveCfg = Debug|Any CPU
		{01141F7D-8DB7-42D6-8657-342938BDBEE6}.Debug|Any CPU.Build.0 = Debug|Any CPU
		{01141F7D-8DB7-42D6-8657-342938BDBEE6}.Release|Any CPU.ActiveCfg = Release|Any CPU
		{01141F7D-8DB7-42D6-8657-342938BDBEE6}.Release|Any CPU.Build.0 = Release|Any CPU
		{E3905C4F-0C09-45C2-A500-2B8D1904B863}.Debug|Any CPU.ActiveCfg = Debug|Any CPU
		{E3905C4F-0C09-45C2-A500-2B8D1904B863}.Debug|Any CPU.Build.0 = Debug|Any CPU
		{E3905C4F-0C09-45C2-A500-2B8D1904B863}.Release|Any CPU.ActiveCfg = Release|Any CPU
		{E3905C4F-0C09-45C2-A500-2B8D1904B863}.Release|Any CPU.Build.0 = Release|Any CPU
		{48655B7E-74A5-4AC2-9087-FBCBD2EE7666}.Debug|Any CPU.ActiveCfg = Debug|Any CPU
		{48655B7E-74A5-4AC2-9087-FBCBD2EE7666}.Debug|Any CPU.Build.0 = Debug|Any CPU
		{48655B7E-74A5-4AC2-9087-FBCBD2EE7666}.Release|Any CPU.ActiveCfg = Release|Any CPU
		{48655B7E-74A5-4AC2-9087-FBCBD2EE7666}.Release|Any CPU.Build.0 = Release|Any CPU
	EndGlobalSection
	GlobalSection(SolutionProperties) = preSolution
		HideSolutionNode = FALSE
	EndGlobalSection
	GlobalSection(NestedProjects) = preSolution
		{9FC19C4A-92DC-4E66-90B1-456402FD7EA1} = {A18A22DE-4930-48C8-84F5-D3BF3C855691}
		{D1A25357-0B0D-493F-A26C-03616BA86B17} = {3A783B0A-3B80-453A-ABE1-0E49E790462C}
		{BB6912E0-B267-4ADB-BE09-E78822058687} = {3A783B0A-3B80-453A-ABE1-0E49E790462C}
		{8A9291E5-2FD2-4DD4-A9B8-BA9DA4D376EA} = {3A783B0A-3B80-453A-ABE1-0E49E790462C}
		{0CD3DE4B-3547-4452-B576-5775274ECB9E} = {93A24320-920E-4792-A81A-067F14D8E61A}
		{56D96A40-0DFB-4B17-800E-2463DFFD7162} = {C79C3DDB-5603-410C-9E38-8F8B3E0AC371}
		{1C807A3A-85CA-4551-8616-830D4C8C03D2} = {5393D0A0-84B9-493A-8E9A-7A48D793CD41}
		{8FC28C05-9401-4843-96E6-2E099A425313} = {5393D0A0-84B9-493A-8E9A-7A48D793CD41}
		{8FA11AE0-E2CA-41E8-A352-B508C3C5BE48} = {5393D0A0-84B9-493A-8E9A-7A48D793CD41}
		{290CD529-7638-4385-973B-FA97ACC3585D} = {5393D0A0-84B9-493A-8E9A-7A48D793CD41}
		{32808CC0-BFBC-442C-ABCF-B8E82EDF8B64} = {A18A22DE-4930-48C8-84F5-D3BF3C855691}
		{B1B3313C-387F-468E-A4A0-D275BE89E09A} = {1C807A3A-85CA-4551-8616-830D4C8C03D2}
		{89ACD13E-5DD1-4695-8536-C7DFC998F37A} = {1C807A3A-85CA-4551-8616-830D4C8C03D2}
		{24235DBC-FA9A-490B-953F-7CB40D16FBA3} = {8FC28C05-9401-4843-96E6-2E099A425313}
		{01141F7D-8DB7-42D6-8657-342938BDBEE6} = {8FC28C05-9401-4843-96E6-2E099A425313}
		{E3905C4F-0C09-45C2-A500-2B8D1904B863} = {8FA11AE0-E2CA-41E8-A352-B508C3C5BE48}
		{48655B7E-74A5-4AC2-9087-FBCBD2EE7666} = {290CD529-7638-4385-973B-FA97ACC3585D}
	EndGlobalSection
	GlobalSection(ExtensibilityGlobals) = postSolution
		SolutionGuid = {C13A3A81-7ACA-4A28-BEF0-B5E644FCE313}
	EndGlobalSection
EndGlobal
